
Microsoft Visual Studio Solution File, Format Version 12.00
# Visual Studio Version 16
VisualStudioVersion = 16.0.30717.126
MinimumVisualStudioVersion = 10.0.40219.1
Project("{FAE04EC0-301F-11D3-BF4B-00C04F79EFBC}") = "auth.WEBAPI", "auth.WEBAPI\auth.WEBAPI.csproj", "{49DC1220-16A4-4C8C-AFE9-A1704B82B15C}"
EndProject
Project("{FAE04EC0-301F-11D3-BF4B-00C04F79EFBC}") = "auth.CORE", "auth.CORE\auth.CORE.csproj", "{3D0E9F02-608A-42F1-A619-06DFD28A0F04}"
EndProject
Project("{FAE04EC0-301F-11D3-BF4B-00C04F79EFBC}") = "auth.APPLICATION", "auth.APPLICATION\auth.APPLICATION.csproj", "{F4201F5A-0EFF-4995-96C6-4226D73C4BB3}"
EndProject
Project("{FAE04EC0-301F-11D3-BF4B-00C04F79EFBC}") = "auth.INFRASTRUCTURE", "auth.INFRASTRUCTURE\auth.INFRASTRUCTURE.csproj", "{A2A5BD24-32BF-4390-A929-51197A571D64}"
EndProject
Global
	GlobalSection(SolutionConfigurationPlatforms) = preSolution
		Debug|Any CPU = Debug|Any CPU
		Release|Any CPU = Release|Any CPU
	EndGlobalSection
	GlobalSection(ProjectConfigurationPlatforms) = postSolution
		{49DC1220-16A4-4C8C-AFE9-A1704B82B15C}.Debug|Any CPU.ActiveCfg = Debug|Any CPU
		{49DC1220-16A4-4C8C-AFE9-A1704B82B15C}.Debug|Any CPU.Build.0 = Debug|Any CPU
		{49DC1220-16A4-4C8C-AFE9-A1704B82B15C}.Release|Any CPU.ActiveCfg = Release|Any CPU
		{49DC1220-16A4-4C8C-AFE9-A1704B82B15C}.Release|Any CPU.Build.0 = Release|Any CPU
		{3D0E9F02-608A-42F1-A619-06DFD28A0F04}.Debug|Any CPU.ActiveCfg = Debug|Any CPU
		{3D0E9F02-608A-42F1-A619-06DFD28A0F04}.Debug|Any CPU.Build.0 = Debug|Any CPU
		{3D0E9F02-608A-42F1-A619-06DFD28A0F04}.Release|Any CPU.ActiveCfg = Release|Any CPU
		{3D0E9F02-608A-42F1-A619-06DFD28A0F04}.Release|Any CPU.Build.0 = Release|Any CPU
		{F4201F5A-0EFF-4995-96C6-4226D73C4BB3}.Debug|Any CPU.ActiveCfg = Debug|Any CPU
		{F4201F5A-0EFF-4995-96C6-4226D73C4BB3}.Debug|Any CPU.Build.0 = Debug|Any CPU
		{F4201F5A-0EFF-4995-96C6-4226D73C4BB3}.Release|Any CPU.ActiveCfg = Release|Any CPU
		{F4201F5A-0EFF-4995-96C6-4226D73C4BB3}.Release|Any CPU.Build.0 = Release|Any CPU
		{A2A5BD24-32BF-4390-A929-51197A571D64}.Debug|Any CPU.ActiveCfg = Debug|Any CPU
		{A2A5BD24-32BF-4390-A929-51197A571D64}.Debug|Any CPU.Build.0 = Debug|Any CPU
		{A2A5BD24-32BF-4390-A929-51197A571D64}.Release|Any CPU.ActiveCfg = Release|Any CPU
		{A2A5BD24-32BF-4390-A929-51197A571D64}.Release|Any CPU.Build.0 = Release|Any CPU
	EndGlobalSection
	GlobalSection(SolutionProperties) = preSolution
		HideSolutionNode = FALSE
	EndGlobalSection
	GlobalSection(ExtensibilityGlobals) = postSolution
		SolutionGuid = {825C8ED5-52F1-456A-889F-0EC6BEDC024C}
	EndGlobalSection
EndGlobal
